
Microsoft Visual Studio Solution File, Format Version 12.00
# Visual Studio Version 16
VisualStudioVersion = 16.0.31702.278
MinimumVisualStudioVersion = 10.0.40219.1
Project("{9A19103F-16F7-4668-BE54-9A1E7A4F7556}") = "Lab_4", "Lab_4\Lab_4.csproj", "{C23A758E-0431-4087-ACC4-ABDBD89FD932}"
EndProject
Project("{9A19103F-16F7-4668-BE54-9A1E7A4F7556}") = "Tests", "..\..\..\..\..\source\repos\Tests\Tests\Tests.csproj", "{BA2ED343-311C-4B3C-A2B3-A1BBA2D6FF09}"
EndProject
Global
	GlobalSection(SolutionConfigurationPlatforms) = preSolution
		Debug|Any CPU = Debug|Any CPU
		Release|Any CPU = Release|Any CPU
	EndGlobalSection
	GlobalSection(ProjectConfigurationPlatforms) = postSolution
		{C23A758E-0431-4087-ACC4-ABDBD89FD932}.Debug|Any CPU.ActiveCfg = Debug|Any CPU
		{C23A758E-0431-4087-ACC4-ABDBD89FD932}.Debug|Any CPU.Build.0 = Debug|Any CPU
		{C23A758E-0431-4087-ACC4-ABDBD89FD932}.Release|Any CPU.ActiveCfg = Release|Any CPU
		{C23A758E-0431-4087-ACC4-ABDBD89FD932}.Release|Any CPU.Build.0 = Release|Any CPU
		{BA2ED343-311C-4B3C-A2B3-A1BBA2D6FF09}.Debug|Any CPU.ActiveCfg = Debug|Any CPU
		{BA2ED343-311C-4B3C-A2B3-A1BBA2D6FF09}.Debug|Any CPU.Build.0 = Debug|Any CPU
		{BA2ED343-311C-4B3C-A2B3-A1BBA2D6FF09}.Release|Any CPU.ActiveCfg = Release|Any CPU
		{BA2ED343-311C-4B3C-A2B3-A1BBA2D6FF09}.Release|Any CPU.Build.0 = Release|Any CPU
	EndGlobalSection
	GlobalSection(SolutionProperties) = preSolution
		HideSolutionNode = FALSE
	EndGlobalSection
	GlobalSection(ExtensibilityGlobals) = postSolution
		SolutionGuid = {969DD36A-4A16-44C0-A5F2-0FF2CC29C6F1}
	EndGlobalSection
EndGlobal
